
Microsoft Visual Studio Solution File, Format Version 12.00
# Visual Studio Version 17
VisualStudioVersion = 17.7.34009.444
MinimumVisualStudioVersion = 10.0.40219.1
Project("{FAE04EC0-301F-11D3-BF4B-00C04F79EFBC}") = "lab1Creative", "lab1Creative\lab1Creative.csproj", "{4FC5EE61-A6C7-4409-9098-C8C8D6BAEA3E}"
EndProject
Global
	GlobalSection(SolutionConfigurationPlatforms) = preSolution
		Debug|Any CPU = Debug|Any CPU
		Release|Any CPU = Release|Any CPU
	EndGlobalSection
	GlobalSection(ProjectConfigurationPlatforms) = postSolution
		{4FC5EE61-A6C7-4409-9098-C8C8D6BAEA3E}.Debug|Any CPU.ActiveCfg = Debug|Any CPU
		{4FC5EE61-A6C7-4409-9098-C8C8D6BAEA3E}.Debug|Any CPU.Build.0 = Debug|Any CPU
		{4FC5EE61-A6C7-4409-9098-C8C8D6BAEA3E}.Release|Any CPU.ActiveCfg = Release|Any CPU
		{4FC5EE61-A6C7-4409-9098-C8C8D6BAEA3E}.Release|Any CPU.Build.0 = Release|Any CPU
	EndGlobalSection
	GlobalSection(SolutionProperties) = preSolution
		HideSolutionNode = FALSE
	EndGlobalSection
	GlobalSection(ExtensibilityGlobals) = postSolution
		SolutionGuid = {D7D699E3-5DC3-4D46-A8A3-282E4BA662A3}
	EndGlobalSection
EndGlobal
